
Microsoft Visual Studio Solution File, Format Version 12.00
# Visual Studio Version 16
VisualStudioVersion = 16.0.31005.135
MinimumVisualStudioVersion = 10.0.40219.1
Project("{FAE04EC0-301F-11D3-BF4B-00C04F79EFBC}") = "Task4_4", "Task4_4.csproj", "{1497F02F-CDBF-4FAF-9BB0-39444D12FB49}"
EndProject
Global
	GlobalSection(SolutionConfigurationPlatforms) = preSolution
		Debug|Any CPU = Debug|Any CPU
		Release|Any CPU = Release|Any CPU
	EndGlobalSection
	GlobalSection(ProjectConfigurationPlatforms) = postSolution
		{1497F02F-CDBF-4FAF-9BB0-39444D12FB49}.Debug|Any CPU.ActiveCfg = Debug|Any CPU
		{1497F02F-CDBF-4FAF-9BB0-39444D12FB49}.Debug|Any CPU.Build.0 = Debug|Any CPU
		{1497F02F-CDBF-4FAF-9BB0-39444D12FB49}.Release|Any CPU.ActiveCfg = Release|Any CPU
		{1497F02F-CDBF-4FAF-9BB0-39444D12FB49}.Release|Any CPU.Build.0 = Release|Any CPU
	EndGlobalSection
	GlobalSection(SolutionProperties) = preSolution
		HideSolutionNode = FALSE
	EndGlobalSection
	GlobalSection(ExtensibilityGlobals) = postSolution
		SolutionGuid = {43525465-06A4-4438-AE44-0C13661DA84B}
	EndGlobalSection
EndGlobal
